
Microsoft Visual Studio Solution File, Format Version 12.00
# Visual Studio 15
Project("{FAE04EC0-301F-11D3-BF4B-00C04F79EFBC}") = "SolaceDotNetWrapper.Core", "SolaceDotNetWrapper.Core\SolaceDotNetWrapper.Core.csproj", "{6112E8A6-7A6E-45DD-AEC1-DA9EE38C8977}"
EndProject
Project("{FAE04EC0-301F-11D3-BF4B-00C04F79EFBC}") = "SolaceDotNetWrapper.Tests", "SolaceDotNetWrapper.Tests\SolaceDotNetWrapper.Tests.csproj", "{8E54BDA0-06CE-4FA0-8F7F-AB6B5BBC841E}"
EndProject
Project("{2150E333-8FDC-42A3-9474-1A3956D46DE8}") = "Samples", "Samples", "{4B8CD076-79BF-47E0-B00E-8B0C3941BBD6}"
EndProject
Project("{FAE04EC0-301F-11D3-BF4B-00C04F79EFBC}") = "PublishSubscribe", "PublishSubscribe\PublishSubscribe.csproj", "{718F0A15-BCEF-4013-9E03-EFCDBC704FBD}"
EndProject
Global
	GlobalSection(SolutionConfigurationPlatforms) = preSolution
		Debug|Any CPU = Debug|Any CPU
		Release|Any CPU = Release|Any CPU
	EndGlobalSection
	GlobalSection(ProjectConfigurationPlatforms) = postSolution
		{6112E8A6-7A6E-45DD-AEC1-DA9EE38C8977}.Debug|Any CPU.ActiveCfg = Debug|Any CPU
		{6112E8A6-7A6E-45DD-AEC1-DA9EE38C8977}.Debug|Any CPU.Build.0 = Debug|Any CPU
		{6112E8A6-7A6E-45DD-AEC1-DA9EE38C8977}.Release|Any CPU.ActiveCfg = Release|Any CPU
		{6112E8A6-7A6E-45DD-AEC1-DA9EE38C8977}.Release|Any CPU.Build.0 = Release|Any CPU
		{8E54BDA0-06CE-4FA0-8F7F-AB6B5BBC841E}.Debug|Any CPU.ActiveCfg = Debug|Any CPU
		{8E54BDA0-06CE-4FA0-8F7F-AB6B5BBC841E}.Debug|Any CPU.Build.0 = Debug|Any CPU
		{8E54BDA0-06CE-4FA0-8F7F-AB6B5BBC841E}.Release|Any CPU.ActiveCfg = Release|Any CPU
		{8E54BDA0-06CE-4FA0-8F7F-AB6B5BBC841E}.Release|Any CPU.Build.0 = Release|Any CPU
		{718F0A15-BCEF-4013-9E03-EFCDBC704FBD}.Debug|Any CPU.ActiveCfg = Debug|Any CPU
		{718F0A15-BCEF-4013-9E03-EFCDBC704FBD}.Debug|Any CPU.Build.0 = Debug|Any CPU
		{718F0A15-BCEF-4013-9E03-EFCDBC704FBD}.Release|Any CPU.ActiveCfg = Release|Any CPU
		{718F0A15-BCEF-4013-9E03-EFCDBC704FBD}.Release|Any CPU.Build.0 = Release|Any CPU
	EndGlobalSection
	GlobalSection(MonoDevelopProperties) = preSolution
		Policies = $0
		$0.StandardHeader = $1
		$1.Text = @//  ------------------------------------------------------------------------------------\n//  Copyright (c) Dishant Langayan\n//  All rights reserved. \n//  \n//  Licensed under the Apache License, Version 2.0 (the ""License""); you may not use this \n//  file except in compliance with the License. You may obtain a copy of the License at \n//  http://www.apache.org/licenses/LICENSE-2.0  \n//  \n//  THIS CODE IS PROVIDED *AS IS* BASIS, WITHOUT WARRANTIES OR CONDITIONS OF ANY KIND, \n//  EITHER EXPRESS OR IMPLIED, INCLUDING WITHOUT LIMITATION ANY IMPLIED WARRANTIES OR \n//  CONDITIONS OF TITLE, FITNESS FOR A PARTICULAR PURPOSE, MERCHANTABLITY OR \n//  NON-INFRINGEMENT. \n// \n//  See the Apache Version 2.0 License for specific language governing permissions and \n//  limitations under the License.\n//  ------------------------------------------------------------------------------------
	EndGlobalSection
	GlobalSection(NestedProjects) = preSolution
		{718F0A15-BCEF-4013-9E03-EFCDBC704FBD} = {4B8CD076-79BF-47E0-B00E-8B0C3941BBD6}
	EndGlobalSection
EndGlobal
